Microsoft Visual Studio Solution File, Format Version 11.00
# Visual Studio 2008

Project("{48236708-8C6D-C7AB-DD2A-3C5202453E61}") = "UnityNetworking", "Assembly-CSharp.csproj", "{C96310F2-2BDF-1C5D-B58C-65EDA0600DA1}"
EndProject
Project("{48236708-8C6D-C7AB-DD2A-3C5202453E61}") = "UnityNetworking", "Assembly-CSharp-Editor.csproj", "{191FAB1B-58CA-A4F0-4771-ACA609774F9C}"
EndProject
Global
	GlobalSection(SolutionConfigurationPlatforms) = preSolution
		Debug|Any CPU = Debug|Any CPU
		Release|Any CPU = Release|Any CPU
	EndGlobalSection
	GlobalSection(ProjectConfigurationPlatforms) = postSolution
		{C96310F2-2BDF-1C5D-B58C-65EDA0600DA1}.Debug|Any CPU.ActiveCfg = Debug|Any CPU
		{C96310F2-2BDF-1C5D-B58C-65EDA0600DA1}.Debug|Any CPU.Build.0 = Debug|Any CPU
		{C96310F2-2BDF-1C5D-B58C-65EDA0600DA1}.Release|Any CPU.ActiveCfg = Release|Any CPU
		{C96310F2-2BDF-1C5D-B58C-65EDA0600DA1}.Release|Any CPU.Build.0 = Release|Any CPU
		{191FAB1B-58CA-A4F0-4771-ACA609774F9C}.Debug|Any CPU.ActiveCfg = Debug|Any CPU
		{191FAB1B-58CA-A4F0-4771-ACA609774F9C}.Debug|Any CPU.Build.0 = Debug|Any CPU
		{191FAB1B-58CA-A4F0-4771-ACA609774F9C}.Release|Any CPU.ActiveCfg = Release|Any CPU
		{191FAB1B-58CA-A4F0-4771-ACA609774F9C}.Release|Any CPU.Build.0 = Release|Any CPU
	EndGlobalSection
	GlobalSection(SolutionProperties) = preSolution
		HideSolutionNode = FALSE
	EndGlobalSection
	GlobalSection(MonoDevelopProperties) = preSolution
		StartupItem = Assembly-CSharp.csproj
	EndGlobalSection
EndGlobal
